
Microsoft Visual Studio Solution File, Format Version 12.00
# Visual Studio Version 17
VisualStudioVersion = 17.0.31903.59
MinimumVisualStudioVersion = 10.0.40219.1
Project("{2150E333-8FDC-42A3-9474-1A3956D46DE8}") = "src", "src", "{D2885B61-AD93-4309-8D87-D6B8D74EAD36}"
EndProject
Project("{FAE04EC0-301F-11D3-BF4B-00C04F79EFBC}") = "HRMS.api", "src\HRMS.api\HRMS.api.csproj", "{00B0032F-7F84-48AC-8C31-219B7C333FBE}"
EndProject
Global
	GlobalSection(SolutionConfigurationPlatforms) = preSolution
		Debug|Any CPU = Debug|Any CPU
		Release|Any CPU = Release|Any CPU
	EndGlobalSection
	GlobalSection(SolutionProperties) = preSolution
		HideSolutionNode = FALSE
	EndGlobalSection
	GlobalSection(ProjectConfigurationPlatforms) = postSolution
		{00B0032F-7F84-48AC-8C31-219B7C333FBE}.Debug|Any CPU.ActiveCfg = Debug|Any CPU
		{00B0032F-7F84-48AC-8C31-219B7C333FBE}.Debug|Any CPU.Build.0 = Debug|Any CPU
		{00B0032F-7F84-48AC-8C31-219B7C333FBE}.Release|Any CPU.ActiveCfg = Release|Any CPU
		{00B0032F-7F84-48AC-8C31-219B7C333FBE}.Release|Any CPU.Build.0 = Release|Any CPU
	EndGlobalSection
	GlobalSection(NestedProjects) = preSolution
		{00B0032F-7F84-48AC-8C31-219B7C333FBE} = {D2885B61-AD93-4309-8D87-D6B8D74EAD36}
	EndGlobalSection
EndGlobal
